
Microsoft Visual Studio Solution File, Format Version 12.00
# Visual Studio Version 17
VisualStudioVersion = 17.6.33723.286
MinimumVisualStudioVersion = 10.0.40219.1
Project("{FAE04EC0-301F-11D3-BF4B-00C04F79EFBC}") = "Orders", "Orders\Orders.csproj", "{B980BA4B-1E60-4C6F-A7B1-187E88F2801F}"
EndProject
Project("{FAE04EC0-301F-11D3-BF4B-00C04F79EFBC}") = "BackEnd", "BackEnd\BackEnd.csproj", "{33534382-9DE8-4E9A-8A5B-F6505123A78E}"
EndProject
Global
	GlobalSection(SolutionConfigurationPlatforms) = preSolution
		Debug|Any CPU = Debug|Any CPU
		Release|Any CPU = Release|Any CPU
	EndGlobalSection
	GlobalSection(ProjectConfigurationPlatforms) = postSolution
		{B980BA4B-1E60-4C6F-A7B1-187E88F2801F}.Debug|Any CPU.ActiveCfg = Debug|Any CPU
		{B980BA4B-1E60-4C6F-A7B1-187E88F2801F}.Debug|Any CPU.Build.0 = Debug|Any CPU
		{B980BA4B-1E60-4C6F-A7B1-187E88F2801F}.Release|Any CPU.ActiveCfg = Release|Any CPU
		{B980BA4B-1E60-4C6F-A7B1-187E88F2801F}.Release|Any CPU.Build.0 = Release|Any CPU
		{33534382-9DE8-4E9A-8A5B-F6505123A78E}.Debug|Any CPU.ActiveCfg = Debug|Any CPU
		{33534382-9DE8-4E9A-8A5B-F6505123A78E}.Debug|Any CPU.Build.0 = Debug|Any CPU
		{33534382-9DE8-4E9A-8A5B-F6505123A78E}.Release|Any CPU.ActiveCfg = Release|Any CPU
		{33534382-9DE8-4E9A-8A5B-F6505123A78E}.Release|Any CPU.Build.0 = Release|Any CPU
	EndGlobalSection
	GlobalSection(SolutionProperties) = preSolution
		HideSolutionNode = FALSE
	EndGlobalSection
	GlobalSection(ExtensibilityGlobals) = postSolution
		SolutionGuid = {3AFE5CC5-1F52-42DC-813A-E84816EB33AE}
	EndGlobalSection
EndGlobal
