
Microsoft Visual Studio Solution File, Format Version 12.00
# Visual Studio Version 17
VisualStudioVersion = 17.6.33723.286
MinimumVisualStudioVersion = 10.0.40219.1
Project("{FAE04EC0-301F-11D3-BF4B-00C04F79EFBC}") = "WPF project", "WPF project\WPF project.csproj", "{513C865A-629E-4F70-9CA3-6F17E8EEAF1C}"
EndProject
Global
	GlobalSection(SolutionConfigurationPlatforms) = preSolution
		Debug|Any CPU = Debug|Any CPU
		Release|Any CPU = Release|Any CPU
	EndGlobalSection
	GlobalSection(ProjectConfigurationPlatforms) = postSolution
		{513C865A-629E-4F70-9CA3-6F17E8EEAF1C}.Debug|Any CPU.ActiveCfg = Debug|Any CPU
		{513C865A-629E-4F70-9CA3-6F17E8EEAF1C}.Debug|Any CPU.Build.0 = Debug|Any CPU
		{513C865A-629E-4F70-9CA3-6F17E8EEAF1C}.Release|Any CPU.ActiveCfg = Release|Any CPU
		{513C865A-629E-4F70-9CA3-6F17E8EEAF1C}.Release|Any CPU.Build.0 = Release|Any CPU
	EndGlobalSection
	GlobalSection(SolutionProperties) = preSolution
		HideSolutionNode = FALSE
	EndGlobalSection
	GlobalSection(ExtensibilityGlobals) = postSolution
		SolutionGuid = {E4A48ED5-308D-4824-A37C-628DF982384B}
	EndGlobalSection
EndGlobal
