
Microsoft Visual Studio Solution File, Format Version 12.00
# Visual Studio Version 17
VisualStudioVersion = 17.5.002.0
MinimumVisualStudioVersion = 10.0.40219.1
Project("{9A19103F-16F7-4668-BE54-9A1E7A4F7556}") = "FinalProject.FrontEnd", "FinalProject.FrontEnd.csproj", "{DC8BF88C-B077-462F-B7D6-02A3A6D5F6CC}"
EndProject
Global
	GlobalSection(SolutionConfigurationPlatforms) = preSolution
		Debug|Any CPU = Debug|Any CPU
		Release|Any CPU = Release|Any CPU
	EndGlobalSection
	GlobalSection(ProjectConfigurationPlatforms) = postSolution
		{DC8BF88C-B077-462F-B7D6-02A3A6D5F6CC}.Debug|Any CPU.ActiveCfg = Debug|Any CPU
		{DC8BF88C-B077-462F-B7D6-02A3A6D5F6CC}.Debug|Any CPU.Build.0 = Debug|Any CPU
		{DC8BF88C-B077-462F-B7D6-02A3A6D5F6CC}.Release|Any CPU.ActiveCfg = Release|Any CPU
		{DC8BF88C-B077-462F-B7D6-02A3A6D5F6CC}.Release|Any CPU.Build.0 = Release|Any CPU
	EndGlobalSection
	GlobalSection(SolutionProperties) = preSolution
		HideSolutionNode = FALSE
	EndGlobalSection
	GlobalSection(ExtensibilityGlobals) = postSolution
		SolutionGuid = {D6A13EEF-79A2-44AE-9E59-41B920485491}
	EndGlobalSection
EndGlobal
