
Microsoft Visual Studio Solution File, Format Version 12.00
# Visual Studio Version 17
VisualStudioVersion = 17.6.33723.286
MinimumVisualStudioVersion = 10.0.40219.1
Project("{FAE04EC0-301F-11D3-BF4B-00C04F79EFBC}") = "GuildWars2", "GuildWars2\GuildWars2.csproj", "{94832E77-65BE-404E-BAC0-38E0B0D849DD}"
EndProject
Global
	GlobalSection(SolutionConfigurationPlatforms) = preSolution
		Debug|Any CPU = Debug|Any CPU
		Release|Any CPU = Release|Any CPU
	EndGlobalSection
	GlobalSection(ProjectConfigurationPlatforms) = postSolution
		{94832E77-65BE-404E-BAC0-38E0B0D849DD}.Debug|Any CPU.ActiveCfg = Debug|Any CPU
		{94832E77-65BE-404E-BAC0-38E0B0D849DD}.Debug|Any CPU.Build.0 = Debug|Any CPU
		{94832E77-65BE-404E-BAC0-38E0B0D849DD}.Release|Any CPU.ActiveCfg = Release|Any CPU
		{94832E77-65BE-404E-BAC0-38E0B0D849DD}.Release|Any CPU.Build.0 = Release|Any CPU
	EndGlobalSection
	GlobalSection(SolutionProperties) = preSolution
		HideSolutionNode = FALSE
	EndGlobalSection
	GlobalSection(ExtensibilityGlobals) = postSolution
		SolutionGuid = {CEB0C9B5-21BE-4AAC-8E64-6B0DBBABD3ED}
	EndGlobalSection
EndGlobal
