
Microsoft Visual Studio Solution File, Format Version 12.00
# Visual Studio Version 17
VisualStudioVersion = 17.6.33723.286
MinimumVisualStudioVersion = 10.0.40219.1
Project("{9A19103F-16F7-4668-BE54-9A1E7A4F7556}") = "GuildWars2", "GuildWars2\GuildWars2.csproj", "{94832E77-65BE-404E-BAC0-38E0B0D849DD}"
EndProject
Project("{9A19103F-16F7-4668-BE54-9A1E7A4F7556}") = "WebPage", "WebPage\WebPage.csproj", "{B4BE59E0-2BC3-433C-8A49-CC13ECE57A28}"
EndProject
Global
	GlobalSection(SolutionConfigurationPlatforms) = preSolution
		Debug|Any CPU = Debug|Any CPU
		Release|Any CPU = Release|Any CPU
	EndGlobalSection
	GlobalSection(ProjectConfigurationPlatforms) = postSolution
		{94832E77-65BE-404E-BAC0-38E0B0D849DD}.Debug|Any CPU.ActiveCfg = Debug|Any CPU
		{94832E77-65BE-404E-BAC0-38E0B0D849DD}.Debug|Any CPU.Build.0 = Debug|Any CPU
		{94832E77-65BE-404E-BAC0-38E0B0D849DD}.Release|Any CPU.ActiveCfg = Release|Any CPU
		{94832E77-65BE-404E-BAC0-38E0B0D849DD}.Release|Any CPU.Build.0 = Release|Any CPU
		{B4BE59E0-2BC3-433C-8A49-CC13ECE57A28}.Debug|Any CPU.ActiveCfg = Debug|Any CPU
		{B4BE59E0-2BC3-433C-8A49-CC13ECE57A28}.Debug|Any CPU.Build.0 = Debug|Any CPU
		{B4BE59E0-2BC3-433C-8A49-CC13ECE57A28}.Release|Any CPU.ActiveCfg = Release|Any CPU
		{B4BE59E0-2BC3-433C-8A49-CC13ECE57A28}.Release|Any CPU.Build.0 = Release|Any CPU
	EndGlobalSection
	GlobalSection(SolutionProperties) = preSolution
		HideSolutionNode = FALSE
	EndGlobalSection
	GlobalSection(ExtensibilityGlobals) = postSolution
		SolutionGuid = {CEB0C9B5-21BE-4AAC-8E64-6B0DBBABD3ED}
	EndGlobalSection
EndGlobal
